
Microsoft Visual Studio Solution File, Format Version 12.00
# Visual Studio 15
VisualStudioVersion = 15.0.27004.2002
MinimumVisualStudioVersion = 10.0.40219.1
Project("{FAE04EC0-301F-11D3-BF4B-00C04F79EFBC}") = "SecureApi", "SecureApi\SecureApi.csproj", "{9996AD8B-368F-4703-8DE3-749F49F3B93F}"
EndProject
Project("{FAE04EC0-301F-11D3-BF4B-00C04F79EFBC}") = "WebClient", "WebClient\WebClient.csproj", "{52B11647-38DE-47F7-BE7E-E8B97A0E2B50}"
EndProject
Global
	GlobalSection(SolutionConfigurationPlatforms) = preSolution
		Debug|Any CPU = Debug|Any CPU
		Release|Any CPU = Release|Any CPU
	EndGlobalSection
	GlobalSection(ProjectConfigurationPlatforms) = postSolution
		{9996AD8B-368F-4703-8DE3-749F49F3B93F}.Debug|Any CPU.ActiveCfg = Debug|Any CPU
		{9996AD8B-368F-4703-8DE3-749F49F3B93F}.Debug|Any CPU.Build.0 = Debug|Any CPU
		{9996AD8B-368F-4703-8DE3-749F49F3B93F}.Release|Any CPU.ActiveCfg = Release|Any CPU
		{9996AD8B-368F-4703-8DE3-749F49F3B93F}.Release|Any CPU.Build.0 = Release|Any CPU
		{52B11647-38DE-47F7-BE7E-E8B97A0E2B50}.Debug|Any CPU.ActiveCfg = Debug|Any CPU
		{52B11647-38DE-47F7-BE7E-E8B97A0E2B50}.Debug|Any CPU.Build.0 = Debug|Any CPU
		{52B11647-38DE-47F7-BE7E-E8B97A0E2B50}.Release|Any CPU.ActiveCfg = Release|Any CPU
		{52B11647-38DE-47F7-BE7E-E8B97A0E2B50}.Release|Any CPU.Build.0 = Release|Any CPU
	EndGlobalSection
	GlobalSection(SolutionProperties) = preSolution
		HideSolutionNode = FALSE
	EndGlobalSection
	GlobalSection(ExtensibilityGlobals) = postSolution
		SolutionGuid = {0570C210-3F17-474D-B410-7FFB1148623E}
	EndGlobalSection
EndGlobal
